// !$*UTF8*$!
{
	archiveVersion = 1;
	classes = {
	};
	objectVersion = 46;
	objects = {

/* Begin PBXBuildFile section */
		37883CC41BBD271A006BC96B /* main.m in Sources */ = {isa = PBXBuildFile; fileRef = 37883CC31BBD271A006BC96B /* main.m */; };
		37E7AD161BBE2057006A3CE5 /* Myadt.m in Sources */ = {isa = PBXBuildFile; fileRef = 37E7AD151BBE2057006A3CE5 /* Myadt.m */; };
/* End PBXBuildFile section */

/* Begin PBXCopyFilesBuildPhase section */
		37883CBE1BBD271A006BC96B /* CopyFiles */ = {
			isa = PBXCopyFilesBuildPhase;
			buildActionMask = 2147483647;
			dstPath = /usr/share/man/man1/;
			dstSubfolderSpec = 0;
			files = (
			);
			runOnlyForDeploymentPostprocessing = 1;
		};
/* End PBXCopyFilesBuildPhase section */

/* Begin PBXFileReference section */
		37883CC01BBD271A006BC96B /* iphonestudy */ = {isa = PBXFileReference; explicitFileType = "compiled.mach-o.executable"; includeInIndex = 0; path = iphonestudy; sourceTree = BUILT_PRODUCTS_DIR; };
		37883CC31BBD271A006BC96B /* main.m */ = {isa = PBXFileReference; lastKnownFileType = sourcecode.c.objc; path = main.m; sourceTree = "<group>"; };
		37E7AD141BBE2057006A3CE5 /* Myadt.h */ = {isa = PBXFileReference; fileEncoding = 4; lastKnownFileType = sourcecode.c.h; path = Myadt.h; sourceTree = "<group>"; };
		37E7AD151BBE2057006A3CE5 /* Myadt.m */ = {isa = PBXFileReference; fileEncoding = 4; lastKnownFileType = sourcecode.c.objc; path = Myadt.m; sourceTree = "<group>"; };
/* End PBXFileReference section */

/* Begin PBXFrameworksBuildPhase section */
		37883CBD1BBD271A006BC96B /* Frameworks */ = {
			isa = PBXFrameworksBuildPhase;
			buildActionMask = 2147483647;
			files = (
			);
			runOnlyForDeploymentPostprocessing = 0;
		};
/* End PBXFrameworksBuildPhase section */

/* Begin PBXGroup section */
		37883CB71BBD271A006BC96B = {
			isa = PBXGroup;
			children = (
				37883CC21BBD271A006BC96B /* iphonestudy */,
				37883CC11BBD271A006BC96B /* Products */,
			);
			sourceTree = "<group>";
		};
		37883CC11BBD271A006BC96B /* Products */ = {
			isa = PBXGroup;
			children = (
				37883CC01BBD271A006BC96B /* iphonestudy */,
			);
			name = Products;
			sourceTree = "<group>";
		};
		37883CC21BBD271A006BC96B /* iphonestudy */ = {
			isa = PBXGroup;
			children = (
				37883CC31BBD271A006BC96B /* main.m */,
				37E7AD141BBE2057006A3CE5 /* Myadt.h */,
				37E7AD151BBE2057006A3CE5 /* Myadt.m */,
			);
			path = iphonestudy;
			sourceTree = "<group>";
		};
/* End PBXGroup section */

/* Begin PBXNativeTarget section */
		37883CBF1BBD271A006BC96B /* iphonestudy */ = {
			isa = PBXNativeTarget;
			buildConfigurationList = 37883CC71BBD271A006BC96B /* Build configuration list for PBXNativeTarget "iphonestudy" */;
			buildPhases = (
				37883CBC1BBD271A006BC96B /* Sources */,
				37883CBD1BBD271A006BC96B /* Frameworks */,
				37883CBE1BBD271A006BC96B /* CopyFiles */,
			);
			buildRules = (
			);
			dependencies = (
			);
			name = iphonestudy;
			productName = iphonestudy;
			productReference = 37883CC01BBD271A006BC96B /* iphonestudy */;
			productType = "com.apple.product-type.tool";
		};
/* End PBXNativeTarget section */

/* Begin PBXProject section */
		37883CB81BBD271A006BC96B /* Project object */ = {
			isa = PBXProject;
			attributes = {
				LastUpgradeCheck = 0640;
				ORGANIZATIONNAME = fullyloaded;
				TargetAttributes = {
					37883CBF1BBD271A006BC96B = {
						CreatedOnToolsVersion = 6.4;
					};
				};
			};
			buildConfigurationList = 37883CBB1BBD271A006BC96B /* Build configuration list for PBXProject "iphonestudy" */;
			compatibilityVersion = "Xcode 3.2";
			developmentRegion = English;
			hasScannedForEncodings = 0;
			knownRegions = (
				en,
			);
			mainGroup = 37883CB71BBD271A006BC96B;
			productRefGroup = 37883CC11BBD271A006BC96B /* Products */;
			projectDirPath = "";
			projectRoot = "";
			targets = (
				37883CBF1BBD271A006BC96B /* iphonestudy */,
			);
		};
/* End PBXProject section */

/* Begin PBXSourcesBuildPhase section */
		37883CBC1BBD271A006BC96B /* Sources */ = {
			isa = PBXSourcesBuildPhase;
			buildActionMask = 2147483647;
			files = (
				37E7AD161BBE2057006A3CE5 /* Myadt.m in Sources */,
				37883CC41BBD271A006BC96B /* main.m in Sources */,
			);
			runOnlyForDeploymentPostprocessing = 0;
		};
/* End PBXSourcesBuildPhase section */

/* Begin XCBuildConfiguration section */
		37883CC51BBD271A006BC96B /* Debug */ = {
			isa = XCBuildConfiguration;
			buildSettings = {
				ALWAYS_SEARCH_USER_PATHS = NO;
				CLANG_CXX_LANGUAGE_STANDARD = "gnu++0x";
				CLANG_CXX_LIBRARY = "libc++";
				CLANG_ENABLE_MODULES = YES;
				CLANG_ENABLE_OBJC_ARC = YES;
				CLANG_WARN_BOOL_CONVERSION = YES;
				CLANG_WARN_CONSTANT_CONVERSION = YES;
				CLANG_WARN_DIRECT_OBJC_ISA_USAGE = YES_ERROR;
				CLANG_WARN_EMPTY_BODY = YES;
				CLANG_WARN_ENUM_CONVERSION = YES;
				CLANG_WARN_INT_CONVERSION = YES;
				CLANG_WARN_OBJC_ROOT_CLASS = YES_ERROR;
				CLANG_WARN_UNREACHABLE_CODE = YES;
				CLANG_WARN__DUPLICATE_METHOD_MATCH = YES;
				COPY_PHASE_STRIP = NO;
				DEBUG_INFORMATION_FORMAT = dwarf;
				ENABLE_STRICT_OBJC_MSGSEND = YES;
				GCC_C_LANGUAGE_STANDARD = gnu99;
				GCC_DYNAMIC_NO_PIC = NO;
				GCC_NO_COMMON_BLOCKS = YES;
				GCC_OPTIMIZATION_LEVEL = 0;
				GCC_PREPROCESSOR_DEFINITIONS = (
					"DEBUG=1",
					"$(inherited)",
				);
				GCC_SYMBOLS_PRIVATE_EXTERN = NO;
				GCC_WARN_64_TO_32_BIT_CONVERSION = YES;
				GCC_WARN_ABOUT_RETURN_TYPE = YES_ERROR;
				GCC_WARN_UNDECLARED_SELECTOR = YES;
				GCC_WARN_UNINITIALIZED_AUTOS = YES_AGGRESSIVE;
				GCC_WARN_UNUSED_FUNCTION = YES;
				GCC_WARN_UNUSED_VARIABLE = YES;
				MACOSX_DEPLOYMENT_TARGET = 10.10;
				MTL_ENABLE_DEBUG_INFO = YES;
				ONLY_ACTIVE_ARCH = YES;
				SDKROOT = macosx;
			};
			name = Debug;
		};
		37883CC61BBD271A006BC96B /* Release */ = {
			isa = XCBuildConfiguration;
			buildSettings = {
				ALWAYS_SEARCH_USER_PATHS = NO;
				CLANG_CXX_LANGUAGE_STANDARD = "gnu++0x";
				CLANG_CXX_LIBRARY = "libc++";
				CLANG_ENABLE_MODULES = YES;
				CLANG_ENABLE_OBJC_ARC = YES;
				CLANG_WARN_BOOL_CONVERSION = YES;
				CLANG_WARN_CONSTANT_CONVERSION = YES;
				CLANG_WARN_DIRECT_OBJC_ISA_USAGE = YES_ERROR;
				CLANG_WARN_EMPTY_BODY = YES;
				CLANG_WARN_ENUM_CONVERSION = YES;
				CLANG_WARN_INT_CONVERSION = YES;
				CLANG_WARN_OBJC_ROOT_CLASS = YES_ERROR;
				CLANG_WARN_UNREACHABLE_CODE = YES;
				CLANG_WARN__DUPLICATE_METHOD_MATCH = YES;
				COPY_PHASE_STRIP = NO;
				DEBUG_INFORMATION_FORMAT = "dwarf-with-dsym";
				ENABLE_NS_ASSERTIONS = NO;
				ENABLE_STRICT_OBJC_MSGSEND = YES;
				GCC_C_LANGUAGE_STANDARD = gnu99;
				GCC_NO_COMMON_BLOCKS = YES;
				GCC_WARN_64_TO_32_BIT_CONVERSION = YES;
				GCC_WARN_ABOUT_RETURN_TYPE = YES_ERROR;
				GCC_WARN_UNDECLARED_SELECTOR = YES;
				GCC_WARN_UNINITIALIZED_AUTOS = YES_AGGRESSIVE;
				GCC_WARN_UNUSED_FUNCTION = YES;
				GCC_WARN_UNUSED_VARIABLE = YES;
				MACOSX_DEPLOYMENT_TARGET = 10.10;
				MTL_ENABLE_DEBUG_INFO = NO;
				SDKROOT = macosx;
			};
			name = Release;
		};
		37883CC81BBD271A006BC96B /* Debug */ = {
			isa = XCBuildConfiguration;
			buildSettings = {
				CLANG_ENABLE_MODULES = YES;
				LD_RUNPATH_SEARCH_PATHS = "$(inherited) @executable_path/../Frameworks @loader_path/../Frameworks";
				PRODUCT_NAME = "$(TARGET_NAME)";
				SWIFT_OBJC_BRIDGING_HEADER = "iphonestudy/iphonestudy-Bridging-Header.h";
				SWIFT_OPTIMIZATION_LEVEL = "-Onone";
			};
			name = Debug;
		};
		37883CC91BBD271A006BC96B /* Release */ = {
			isa = XCBuildConfiguration;
			buildSettings = {
				CLANG_ENABLE_MODULES = YES;
				LD_RUNPATH_SEARCH_PATHS = "$(inherited) @executable_path/../Frameworks @loader_path/../Frameworks";
				PRODUCT_NAME = "$(TARGET_NAME)";
				SWIFT_OBJC_BRIDGING_HEADER = "iphonestudy/iphonestudy-Bridging-Header.h";
			};
			name = Release;
		};
/* End XCBuildConfiguration section */

/* Begin XCConfigurationList section */
		37883CBB1BBD271A006BC96B /* Build configuration list for PBXProject "iphonestudy" */ = {
			isa = XCConfigurationList;
			buildConfigurations = (
				37883CC51BBD271A006BC96B /* Debug */,
				37883CC61BBD271A006BC96B /* Release */,
			);
			defaultConfigurationIsVisible = 0;
			defaultConfigurationName = Release;
		};
		37883CC71BBD271A006BC96B /* Build configuration list for PBXNativeTarget "iphonestudy" */ = {
			isa = XCConfigurationList;
			buildConfigurations = (
				37883CC81BBD271A006BC96B /* Debug */,
				37883CC91BBD271A006BC96B /* Release */,
			);
			defaultConfigurationIsVisible = 0;
			defaultConfigurationName = Release;
		};
/* End XCConfigurationList section */
	};
	rootObject = 37883CB81BBD271A006BC96B /* Project object */;
}
